
Microsoft Visual Studio Solution File, Format Version 12.00
Project("{FAE04EC0-301F-11D3-BF4B-00C04F79EFBC}") = "Kata", "Kata\Kata.csproj", "{3E3F36F3-963E-4A94-9B69-C2F2C98FE1F9}"
EndProject
Global
	GlobalSection(SolutionConfigurationPlatforms) = preSolution
		Debug|Any CPU = Debug|Any CPU
		Release|Any CPU = Release|Any CPU
	EndGlobalSection
	GlobalSection(ProjectConfigurationPlatforms) = postSolution
		{3E3F36F3-963E-4A94-9B69-C2F2C98FE1F9}.Debug|Any CPU.ActiveCfg = Debug|Any CPU
		{3E3F36F3-963E-4A94-9B69-C2F2C98FE1F9}.Debug|Any CPU.Build.0 = Debug|Any CPU
		{3E3F36F3-963E-4A94-9B69-C2F2C98FE1F9}.Release|Any CPU.ActiveCfg = Release|Any CPU
		{3E3F36F3-963E-4A94-9B69-C2F2C98FE1F9}.Release|Any CPU.Build.0 = Release|Any CPU
	EndGlobalSection
EndGlobal
